 ﻿
Microsoft Visual Studio Solution File, Format Version 12.00
# Visual Studio Version 17
VisualStudioVersion = 17.8.34330.188
MinimumVisualStudioVersion = 10.0.40219.1
Project("{FAE04EC0-301F-11D3-BF4B-00C04F79EFBC}") = "Teledoc.API", "Teledoc.API\Teledoc.API.csproj", "{E2966D47-2852-408A-85E1-0C8E1257398E}"
EndProject
Project("{FAE04EC0-301F-11D3-BF4B-00C04F79EFBC}") = "Teledoc.Application", "Teledoc.Application\Teledoc.Application.csproj", "{323EBCB3-77C6-48F1-9BE2-84A38EF58F22}"
EndProject
Project("{FAE04EC0-301F-11D3-BF4B-00C04F79EFBC}") = "Teledoc.Domain", "Teledoc.Domain\Teledoc.Domain.csproj", "{4E971B08-B735-40F5-AE65-0C13896BB26B}"
EndProject
Project("{FAE04EC0-301F-11D3-BF4B-00C04F79EFBC}") = "Teledoc.Infrastructure", "Teledoc.Infrastructure\Teledoc.Infrastructure.csproj", "{B510E3D2-AB77-4B01-8F0C-F36AAB831D05}"
EndProject
Project("{FAE04EC0-301F-11D3-BF4B-00C04F79EFBC}") = "Teledoc.SharedKernel", "Teledoc.SharedKernel\Teledoc.SharedKernel.csproj", "{5E52BBBD-7377-4ADE-A5C2-5F4C494F53C1}"
EndProject
Global
	GlobalSection(SolutionConfigurationPlatforms) = preSolution
		Debug|Any CPU = Debug|Any CPU
		Release|Any CPU = Release|Any CPU
	EndGlobalSection
	GlobalSection(ProjectConfigurationPlatforms) = postSolution
		{E2966D47-2852-408A-85E1-0C8E1257398E}.Debug|Any CPU.ActiveCfg = Debug|Any CPU
		{E2966D47-2852-408A-85E1-0C8E1257398E}.Debug|Any CPU.Build.0 = Debug|Any CPU
		{E2966D47-2852-408A-85E1-0C8E1257398E}.Release|Any CPU.ActiveCfg = Release|Any CPU
		{E2966D47-2852-408A-85E1-0C8E1257398E}.Release|Any CPU.Build.0 = Release|Any CPU
		{323EBCB3-77C6-48F1-9BE2-84A38EF58F22}.Debug|Any CPU.ActiveCfg = Debug|Any CPU
		{323EBCB3-77C6-48F1-9BE2-84A38EF58F22}.Debug|Any CPU.Build.0 = Debug|Any CPU
		{323EBCB3-77C6-48F1-9BE2-84A38EF58F22}.Release|Any CPU.ActiveCfg = Release|Any CPU
		{323EBCB3-77C6-48F1-9BE2-84A38EF58F22}.Release|Any CPU.Build.0 = Release|Any CPU
		{4E971B08-B735-40F5-AE65-0C13896BB26B}.Debug|Any CPU.ActiveCfg = Debug|Any CPU
		{4E971B08-B735-40F5-AE65-0C13896BB26B}.Debug|Any CPU.Build.0 = Debug|Any CPU
		{4E971B08-B735-40F5-AE65-0C13896BB26B}.Release|Any CPU.ActiveCfg = Release|Any CPU
		{4E971B08-B735-40F5-AE65-0C13896BB26B}.Release|Any CPU.Build.0 = Release|Any CPU
		{B510E3D2-AB77-4B01-8F0C-F36AAB831D05}.Debug|Any CPU.ActiveCfg = Debug|Any CPU
		{B510E3D2-AB77-4B01-8F0C-F36AAB831D05}.Debug|Any CPU.Build.0 = Debug|Any CPU
		{B510E3D2-AB77-4B01-8F0C-F36AAB831D05}.Release|Any CPU.ActiveCfg = Release|Any CPU
		{B510E3D2-AB77-4B01-8F0C-F36AAB831D05}.Release|Any CPU.Build.0 = Release|Any CPU
		{5E52BBBD-7377-4ADE-A5C2-5F4C494F53C1}.Debug|Any CPU.ActiveCfg = Debug|Any CPU
		{5E52BBBD-7377-4ADE-A5C2-5F4C494F53C1}.Debug|Any CPU.Build.0 = Debug|Any CPU
		{5E52BBBD-7377-4ADE-A5C2-5F4C494F53C1}.Release|Any CPU.ActiveCfg = Release|Any CPU
		{5E52BBBD-7377-4ADE-A5C2-5F4C494F53C1}.Release|Any CPU.Build.0 = Release|Any CPU
	EndGlobalSection
	GlobalSection(SolutionProperties) = preSolution
		HideSolutionNode = FALSE
	EndGlobalSection
	GlobalSection(ExtensibilityGlobals) = postSolution
		SolutionGuid = {F8CC546B-2612-4D98-8DDD-04C0B894C27A}
	EndGlobalSection
EndGlobal
